# This file was autogenerated by Stack.
# You should not edit this file by hand.
# For more information, please see the documentation at:
#   https://docs.haskellstack.org/en/stable/lock_files

packages:
- completed:
    size: 13598
    url: https://github.com/chrisdone/forge/archive/ebc274aa9856db7796ebc16e39bbef3bac1041a8.tar.gz
    name: forge
    version: 0.1.0.0
    sha256: dfbb796e2b941838e4fab538e3a60ffe9a9867da3fe5ca051994a641eb6a4733
    pantry-tree:
      size: 917
      sha256: 68d9f8769740ee738ad78be173a646d50e4ef2a1af91bc2c6a09ac15c3174076
  original:
    url: https://github.com/chrisdone/forge/archive/ebc274aa9856db7796ebc16e39bbef3bac1041a8.tar.gz
- completed:
    size: 2598
    url: https://github.com/chrisdone/yesod-lucid/archive/cde88d0736a44163be70044a109798f578151db3.tar.gz
    name: yesod-lucid
    version: '0.1'
    sha256: 95815bb9557c1a9b4d3fc6dcf40d5975755cb793a87c2319d1f94916d1ae8210
    pantry-tree:
      size: 361
      sha256: ac78649b71c7b3f37070f62658794342f4d1ef9fdbc5a3764e43e931f5a7a86c
  original:
    url: https://github.com/chrisdone/yesod-lucid/archive/cde88d0736a44163be70044a109798f578151db3.tar.gz
snapshots:
- completed:
    size: 524154
    url: https://raw.githubusercontent.com/commercialhaskell/stackage-snapshots/master/lts/14/20.yaml
    sha256: 2f5099f69ddb6abfe64400fe1e6a604e8e628f55e6837211cd70a81eb0a8fa4d
  original: lts-14.20
