# This file was autogenerated by Stack.
# You should not edit this file by hand.
# For more information, please see the documentation at:
#   https://docs.haskellstack.org/en/stable/lock_files

packages:
- completed:
    size: 13526
    url: https://github.com/chrisdone/forge/archive/b11501f469498b061e187ec0a4a7d3969eaa427a.tar.gz
    name: forge
    version: 0.1.0.0
    sha256: 47c70a15e930c64cb2cb6c3d186f7551b9e90994c33398e52ae811301477ea8f
    pantry-tree:
      size: 917
      sha256: fcc5b978bf695ef5ac4b8583947d75fa40553308481f31274e38e37f53fc70da
  original:
    url: https://github.com/chrisdone/forge/archive/b11501f469498b061e187ec0a4a7d3969eaa427a.tar.gz
- completed:
    size: 2598
    url: https://github.com/chrisdone/yesod-lucid/archive/cde88d0736a44163be70044a109798f578151db3.tar.gz
    name: yesod-lucid
    version: '0.1'
    sha256: 95815bb9557c1a9b4d3fc6dcf40d5975755cb793a87c2319d1f94916d1ae8210
    pantry-tree:
      size: 361
      sha256: ac78649b71c7b3f37070f62658794342f4d1ef9fdbc5a3764e43e931f5a7a86c
  original:
    url: https://github.com/chrisdone/yesod-lucid/archive/cde88d0736a44163be70044a109798f578151db3.tar.gz
snapshots:
- completed:
    size: 524154
    url: https://raw.githubusercontent.com/commercialhaskell/stackage-snapshots/master/lts/14/20.yaml
    sha256: 2f5099f69ddb6abfe64400fe1e6a604e8e628f55e6837211cd70a81eb0a8fa4d
  original: lts-14.20
